
Microsoft Visual Studio Solution File, Format Version 12.00
# Visual Studio 15
VisualStudioVersion = 15.0.28307.960
MinimumVisualStudioVersion = 10.0.40219.1
Project("{FAE04EC0-301F-11D3-BF4B-00C04F79EFBC}") = "WpfBasics", "WpfBasics\WpfBasics.csproj", "{BB7F03EF-EC18-4DAD-9725-F7B3FFD25413}"
EndProject
Global
	GlobalSection(SolutionConfigurationPlatforms) = preSolution
		Debug|Any CPU = Debug|Any CPU
		Release|Any CPU = Release|Any CPU
	EndGlobalSection
	GlobalSection(ProjectConfigurationPlatforms) = postSolution
		{BB7F03EF-EC18-4DAD-9725-F7B3FFD25413}.Debug|Any CPU.ActiveCfg = Debug|Any CPU
		{BB7F03EF-EC18-4DAD-9725-F7B3FFD25413}.Debug|Any CPU.Build.0 = Debug|Any CPU
		{BB7F03EF-EC18-4DAD-9725-F7B3FFD25413}.Release|Any CPU.ActiveCfg = Release|Any CPU
		{BB7F03EF-EC18-4DAD-9725-F7B3FFD25413}.Release|Any CPU.Build.0 = Release|Any CPU
	EndGlobalSection
	GlobalSection(SolutionProperties) = preSolution
		HideSolutionNode = FALSE
	EndGlobalSection
	GlobalSection(ExtensibilityGlobals) = postSolution
		SolutionGuid = {9910AC0C-3BC9-450B-B361-66212576BDAD}
	EndGlobalSection
EndGlobal
